// !$*UTF8*$!
{
	archiveVersion = 1;
	classes = {
	};
	objectVersion = 50;
	objects = {

/* Begin PBXBuildFile section */
		E27C9840207C96E90099D3A3 /* FBSnapshotTestCase.framework in Frameworks */ = {isa = PBXBuildFile; fileRef = E27C983E207C967B0099D3A3 /* FBSnapshotTestCase.framework */; };
		E27C9843207C99730099D3A3 /* Assets.xcassets in Resources */ = {isa = PBXBuildFile; fileRef = E2BB71F7207BF3940019C8B6 /* Assets.xcassets */; };
		E27C9864207CA7AA0099D3A3 /* 9.jpg in Resources */ = {isa = PBXBuildFile; fileRef = E27C9858207CA7A80099D3A3 /* 9.jpg */; };
		E27C9865207CA7AA0099D3A3 /* 1.jpg in Resources */ = {isa = PBXBuildFile; fileRef = E27C9859207CA7A80099D3A3 /* 1.jpg */; };
		E27C9866207CA7AA0099D3A3 /* 11.jpg in Resources */ = {isa = PBXBuildFile; fileRef = E27C985A207CA7A80099D3A3 /* 11.jpg */; };
		E27C9867207CA7AA0099D3A3 /* 12.jpg in Resources */ = {isa = PBXBuildFile; fileRef = E27C985B207CA7A80099D3A3 /* 12.jpg */; };
		E27C9868207CA7AA0099D3A3 /* 6.jpg in Resources */ = {isa = PBXBuildFile; fileRef = E27C985C207CA7A80099D3A3 /* 6.jpg */; };
		E27C9869207CA7AA0099D3A3 /* 5.jpg in Resources */ = {isa = PBXBuildFile; fileRef = E27C985D207CA7A90099D3A3 /* 5.jpg */; };
		E27C986A207CA7AA0099D3A3 /* 4.jpg in Resources */ = {isa = PBXBuildFile; fileRef = E27C985E207CA7A90099D3A3 /* 4.jpg */; };
		E27C986B207CA7AA0099D3A3 /* 3.jpg in Resources */ = {isa = PBXBuildFile; fileRef = E27C985F207CA7A90099D3A3 /* 3.jpg */; };
		E27C986C207CA7AA0099D3A3 /* 8.jpg in Resources */ = {isa = PBXBuildFile; fileRef = E27C9860207CA7A90099D3A3 /* 8.jpg */; };
		E27C986D207CA7AA0099D3A3 /* 7.jpg in Resources */ = {isa = PBXBuildFile; fileRef = E27C9861207CA7A90099D3A3 /* 7.jpg */; };
		E27C986E207CA7AA0099D3A3 /* 10.jpg in Resources */ = {isa = PBXBuildFile; fileRef = E27C9862207CA7AA0099D3A3 /* 10.jpg */; };
		E27C986F207CA7AA0099D3A3 /* 2.jpg in Resources */ = {isa = PBXBuildFile; fileRef = E27C9863207CA7AA0099D3A3 /* 2.jpg */; };
		E2B8CD7D207CA9B9008F45EB /* Toolbelt.framework in Frameworks */ = {isa = PBXBuildFile; fileRef = E2B8CD7A207CA996008F45EB /* Toolbelt.framework */; };
		E2B8CD81207CAA03008F45EB /* Toolbelt.framework in Embed Frameworks */ = {isa = PBXBuildFile; fileRef = E2B8CD7A207CA996008F45EB /* Toolbelt.framework */; settings = {ATTRIBUTES = (CodeSignOnCopy, RemoveHeadersOnCopy, ); }; };
		E2BB71F1207BF3930019C8B6 /* AppDelegate.swift in Sources */ = {isa = PBXBuildFile; fileRef = E2BB71F0207BF3930019C8B6 /* AppDelegate.swift */; };
		E2BB71F3207BF3930019C8B6 /* ViewController.swift in Sources */ = {isa = PBXBuildFile; fileRef = E2BB71F2207BF3930019C8B6 /* ViewController.swift */; };
		E2BB71F6207BF3930019C8B6 /* Main.storyboard in Resources */ = {isa = PBXBuildFile; fileRef = E2BB71F4207BF3930019C8B6 /* Main.storyboard */; };
		E2BB71F8207BF3940019C8B6 /* Assets.xcassets in Resources */ = {isa = PBXBuildFile; fileRef = E2BB71F7207BF3940019C8B6 /* Assets.xcassets */; };
		E2BB71FB207BF3940019C8B6 /* LaunchScreen.storyboard in Resources */ = {isa = PBXBuildFile; fileRef = E2BB71F9207BF3940019C8B6 /* LaunchScreen.storyboard */; };
		E2BB7206207BF3940019C8B6 /* SlideshowUITests.swift in Sources */ = {isa = PBXBuildFile; fileRef = E2BB7205207BF3940019C8B6 /* SlideshowUITests.swift */; };
		E2D56D77207E2E6300A5F47C /* Constants.swift in Sources */ = {isa = PBXBuildFile; fileRef = E2D56D76207E2E6300A5F47C /* Constants.swift */; };
		E2D56D79207E2E7800A5F47C /* Constants.swift in Sources */ = {isa = PBXBuildFile; fileRef = E2D56D76207E2E6300A5F47C /* Constants.swift */; };
		E2D56D7A207E2F7700A5F47C /* 1.jpg in Resources */ = {isa = PBXBuildFile; fileRef = E27C9859207CA7A80099D3A3 /* 1.jpg */; };
		E2D56D7B207E2F7700A5F47C /* 2.jpg in Resources */ = {isa = PBXBuildFile; fileRef = E27C9863207CA7AA0099D3A3 /* 2.jpg */; };
		E2D56D7C207E2F7700A5F47C /* 3.jpg in Resources */ = {isa = PBXBuildFile; fileRef = E27C985F207CA7A90099D3A3 /* 3.jpg */; };
		E2D56D7D207E2F7700A5F47C /* 4.jpg in Resources */ = {isa = PBXBuildFile; fileRef = E27C985E207CA7A90099D3A3 /* 4.jpg */; };
		E2D56D7E207E2F7700A5F47C /* 5.jpg in Resources */ = {isa = PBXBuildFile; fileRef = E27C985D207CA7A90099D3A3 /* 5.jpg */; };
		E2D56D7F207E2F7700A5F47C /* 6.jpg in Resources */ = {isa = PBXBuildFile; fileRef = E27C985C207CA7A80099D3A3 /* 6.jpg */; };
		E2D56D80207E2F7700A5F47C /* 7.jpg in Resources */ = {isa = PBXBuildFile; fileRef = E27C9861207CA7A90099D3A3 /* 7.jpg */; };
		E2D56D81207E2F7700A5F47C /* 8.jpg in Resources */ = {isa = PBXBuildFile; fileRef = E27C9860207CA7A90099D3A3 /* 8.jpg */; };
		E2D56D82207E2F7700A5F47C /* 9.jpg in Resources */ = {isa = PBXBuildFile; fileRef = E27C9858207CA7A80099D3A3 /* 9.jpg */; };
		E2D56D83207E2F7700A5F47C /* 10.jpg in Resources */ = {isa = PBXBuildFile; fileRef = E27C9862207CA7AA0099D3A3 /* 10.jpg */; };
		E2D56D84207E2F7700A5F47C /* 11.jpg in Resources */ = {isa = PBXBuildFile; fileRef = E27C985A207CA7A80099D3A3 /* 11.jpg */; };
		E2D56D85207E2F7700A5F47C /* 12.jpg in Resources */ = {isa = PBXBuildFile; fileRef = E27C985B207CA7A80099D3A3 /* 12.jpg */; };
/* End PBXBuildFile section */

/* Begin PBXContainerItemProxy section */
		E2B8CD79207CA996008F45EB /* PBXContainerItemProxy */ = {
			isa = PBXContainerItemProxy;
			containerPortal = E2B8CD74207CA996008F45EB /* Toolbelt.xcodeproj */;
			proxyType = 2;
			remoteGlobalIDString = E2516D9B1E1401710026FAA8;
			remoteInfo = Toolbelt;
		};
		E2B8CD7B207CA996008F45EB /* PBXContainerItemProxy */ = {
			isa = PBXContainerItemProxy;
			containerPortal = E2B8CD74207CA996008F45EB /* Toolbelt.xcodeproj */;
			proxyType = 2;
			remoteGlobalIDString = E2516DA41E1401710026FAA8;
			remoteInfo = ToolbeltTests;
		};
		E2B8CD82207CAA03008F45EB /* PBXContainerItemProxy */ = {
			isa = PBXContainerItemProxy;
			containerPortal = E2B8CD74207CA996008F45EB /* Toolbelt.xcodeproj */;
			proxyType = 1;
			remoteGlobalIDString = E2516D9A1E1401710026FAA8;
			remoteInfo = Toolbelt;
		};
		E2BB7202207BF3940019C8B6 /* PBXContainerItemProxy */ = {
			isa = PBXContainerItemProxy;
			containerPortal = E2BB71E5207BF3930019C8B6 /* Project object */;
			proxyType = 1;
			remoteGlobalIDString = E2BB71EC207BF3930019C8B6;
			remoteInfo = "UI Tests";
		};
/* End PBXContainerItemProxy section */

/* Begin PBXCopyFilesBuildPhase section */
		E2B8CD84207CAA03008F45EB /* Embed Frameworks */ = {
			isa = PBXCopyFilesBuildPhase;
			buildActionMask = 2147483647;
			dstPath = "";
			dstSubfolderSpec = 10;
			files = (
				E2B8CD81207CAA03008F45EB /* Toolbelt.framework in Embed Frameworks */,
			);
			name = "Embed Frameworks";
			runOnlyForDeploymentPostprocessing = 0;
		};
/* End PBXCopyFilesBuildPhase section */

/* Begin PBXFileReference section */
		E27C983E207C967B0099D3A3 /* FBSnapshotTestCase.framework */ = {isa = PBXFileReference; lastKnownFileType = wrapper.framework; name = FBSnapshotTestCase.framework; path = Carthage/Build/iOS/FBSnapshotTestCase.framework; sourceTree = "<group>"; };
		E27C9858207CA7A80099D3A3 /* 9.jpg */ = {isa = PBXFileReference; lastKnownFileType = image.jpeg; path = 9.jpg; sourceTree = "<group>"; };
		E27C9859207CA7A80099D3A3 /* 1.jpg */ = {isa = PBXFileReference; lastKnownFileType = image.jpeg; path = 1.jpg; sourceTree = "<group>"; };
		E27C985A207CA7A80099D3A3 /* 11.jpg */ = {isa = PBXFileReference; lastKnownFileType = image.jpeg; path = 11.jpg; sourceTree = "<group>"; };
		E27C985B207CA7A80099D3A3 /* 12.jpg */ = {isa = PBXFileReference; lastKnownFileType = image.jpeg; path = 12.jpg; sourceTree = "<group>"; };
		E27C985C207CA7A80099D3A3 /* 6.jpg */ = {isa = PBXFileReference; lastKnownFileType = image.jpeg; path = 6.jpg; sourceTree = "<group>"; };
		E27C985D207CA7A90099D3A3 /* 5.jpg */ = {isa = PBXFileReference; lastKnownFileType = image.jpeg; path = 5.jpg; sourceTree = "<group>"; };
		E27C985E207CA7A90099D3A3 /* 4.jpg */ = {isa = PBXFileReference; lastKnownFileType = image.jpeg; path = 4.jpg; sourceTree = "<group>"; };
		E27C985F207CA7A90099D3A3 /* 3.jpg */ = {isa = PBXFileReference; lastKnownFileType = image.jpeg; path = 3.jpg; sourceTree = "<group>"; };
		E27C9860207CA7A90099D3A3 /* 8.jpg */ = {isa = PBXFileReference; lastKnownFileType = image.jpeg; path = 8.jpg; sourceTree = "<group>"; };
		E27C9861207CA7A90099D3A3 /* 7.jpg */ = {isa = PBXFileReference; lastKnownFileType = image.jpeg; path = 7.jpg; sourceTree = "<group>"; };
		E27C9862207CA7AA0099D3A3 /* 10.jpg */ = {isa = PBXFileReference; lastKnownFileType = image.jpeg; path = 10.jpg; sourceTree = "<group>"; };
		E27C9863207CA7AA0099D3A3 /* 2.jpg */ = {isa = PBXFileReference; lastKnownFileType = image.jpeg; path = 2.jpg; sourceTree = "<group>"; };
		E2B8CD74207CA996008F45EB /* Toolbelt.xcodeproj */ = {isa = PBXFileReference; lastKnownFileType = "wrapper.pb-project"; name = Toolbelt.xcodeproj; path = ../Toolbelt.xcodeproj; sourceTree = "<group>"; };
		E2BB71ED207BF3930019C8B6 /* UI Tests.app */ = {isa = PBXFileReference; explicitFileType = wrapper.application; includeInIndex = 0; path = "UI Tests.app"; sourceTree = BUILT_PRODUCTS_DIR; };
		E2BB71F0207BF3930019C8B6 /* AppDelegate.swift */ = {isa = PBXFileReference; lastKnownFileType = sourcecode.swift; path = AppDelegate.swift; sourceTree = "<group>"; };
		E2BB71F2207BF3930019C8B6 /* ViewController.swift */ = {isa = PBXFileReference; lastKnownFileType = sourcecode.swift; path = ViewController.swift; sourceTree = "<group>"; };
		E2BB71F5207BF3930019C8B6 /* Base */ = {isa = PBXFileReference; lastKnownFileType = file.storyboard; name = Base; path = Base.lproj/Main.storyboard; sourceTree = "<group>"; };
		E2BB71F7207BF3940019C8B6 /* Assets.xcassets */ = {isa = PBXFileReference; lastKnownFileType = folder.assetcatalog; path = Assets.xcassets; sourceTree = "<group>"; };
		E2BB71FA207BF3940019C8B6 /* Base */ = {isa = PBXFileReference; lastKnownFileType = file.storyboard; name = Base; path = Base.lproj/LaunchScreen.storyboard; sourceTree = "<group>"; };
		E2BB71FC207BF3940019C8B6 /* Info.plist */ = {isa = PBXFileReference; lastKnownFileType = text.plist.xml; path = Info.plist; sourceTree = "<group>"; };
		E2BB7201207BF3940019C8B6 /* UI TestsUITests.xctest */ = {isa = PBXFileReference; explicitFileType = wrapper.cfbundle; includeInIndex = 0; path = "UI TestsUITests.xctest"; sourceTree = BUILT_PRODUCTS_DIR; };
		E2BB7205207BF3940019C8B6 /* SlideshowUITests.swift */ = {isa = PBXFileReference; lastKnownFileType = sourcecode.swift; path = SlideshowUITests.swift; sourceTree = "<group>"; };
		E2BB7207207BF3940019C8B6 /* Info.plist */ = {isa = PBXFileReference; lastKnownFileType = text.plist.xml; path = Info.plist; sourceTree = "<group>"; };
		E2D56D76207E2E6300A5F47C /* Constants.swift */ = {isa = PBXFileReference; lastKnownFileType = sourcecode.swift; path = Constants.swift; sourceTree = "<group>"; };
/* End PBXFileReference section */

/* Begin PBXFrameworksBuildPhase section */
		E2BB71EA207BF3930019C8B6 /* Frameworks */ = {
			isa = PBXFrameworksBuildPhase;
			buildActionMask = 2147483647;
			files = (
			);
			runOnlyForDeploymentPostprocessing = 0;
		};
		E2BB71FE207BF3940019C8B6 /* Frameworks */ = {
			isa = PBXFrameworksBuildPhase;
			buildActionMask = 2147483647;
			files = (
				E27C9840207C96E90099D3A3 /* FBSnapshotTestCase.framework in Frameworks */,
				E2B8CD7D207CA9B9008F45EB /* Toolbelt.framework in Frameworks */,
			);
			runOnlyForDeploymentPostprocessing = 0;
		};
/* End PBXFrameworksBuildPhase section */

/* Begin PBXGroup section */
		E27C983A207C94910099D3A3 /* Frameworks */ = {
			isa = PBXGroup;
			children = (
				E27C983E207C967B0099D3A3 /* FBSnapshotTestCase.framework */,
			);
			name = Frameworks;
			sourceTree = "<group>";
		};
		E27C9870207CA7AF0099D3A3 /* Test Images */ = {
			isa = PBXGroup;
			children = (
				E27C9859207CA7A80099D3A3 /* 1.jpg */,
				E27C9863207CA7AA0099D3A3 /* 2.jpg */,
				E27C985F207CA7A90099D3A3 /* 3.jpg */,
				E27C985E207CA7A90099D3A3 /* 4.jpg */,
				E27C985D207CA7A90099D3A3 /* 5.jpg */,
				E27C985C207CA7A80099D3A3 /* 6.jpg */,
				E27C9861207CA7A90099D3A3 /* 7.jpg */,
				E27C9860207CA7A90099D3A3 /* 8.jpg */,
				E27C9858207CA7A80099D3A3 /* 9.jpg */,
				E27C9862207CA7AA0099D3A3 /* 10.jpg */,
				E27C985A207CA7A80099D3A3 /* 11.jpg */,
				E27C985B207CA7A80099D3A3 /* 12.jpg */,
			);
			name = "Test Images";
			path = "../../Example/Resources/Test Images";
			sourceTree = "<group>";
		};
		E2B8CD75207CA996008F45EB /* Products */ = {
			isa = PBXGroup;
			children = (
				E2B8CD7A207CA996008F45EB /* Toolbelt.framework */,
				E2B8CD7C207CA996008F45EB /* ToolbeltTests.xctest */,
			);
			name = Products;
			sourceTree = "<group>";
		};
		E2BB71E4207BF3930019C8B6 = {
			isa = PBXGroup;
			children = (
				E2BB71EF207BF3930019C8B6 /* Source */,
				E2BB7210207BF46F0019C8B6 /* Resources */,
				E2BB7204207BF3940019C8B6 /* UI Tests */,
				E2BB71EE207BF3930019C8B6 /* Products */,
				E27C983A207C94910099D3A3 /* Frameworks */,
				E2B8CD74207CA996008F45EB /* Toolbelt.xcodeproj */,
			);
			sourceTree = "<group>";
		};
		E2BB71EE207BF3930019C8B6 /* Products */ = {
			isa = PBXGroup;
			children = (
				E2BB71ED207BF3930019C8B6 /* UI Tests.app */,
				E2BB7201207BF3940019C8B6 /* UI TestsUITests.xctest */,
			);
			name = Products;
			sourceTree = "<group>";
		};
		E2BB71EF207BF3930019C8B6 /* Source */ = {
			isa = PBXGroup;
			children = (
				E2BB71F0207BF3930019C8B6 /* AppDelegate.swift */,
				E2BB71F2207BF3930019C8B6 /* ViewController.swift */,
				E2D56D76207E2E6300A5F47C /* Constants.swift */,
			);
			path = Source;
			sourceTree = "<group>";
		};
		E2BB7204207BF3940019C8B6 /* UI Tests */ = {
			isa = PBXGroup;
			children = (
				E2BB7205207BF3940019C8B6 /* SlideshowUITests.swift */,
				E2BB7207207BF3940019C8B6 /* Info.plist */,
			);
			path = "UI Tests";
			sourceTree = "<group>";
		};
		E2BB7210207BF46F0019C8B6 /* Resources */ = {
			isa = PBXGroup;
			children = (
				E2BB71F4207BF3930019C8B6 /* Main.storyboard */,
				E27C9870207CA7AF0099D3A3 /* Test Images */,
				E2BB71F7207BF3940019C8B6 /* Assets.xcassets */,
				E2BB71F9207BF3940019C8B6 /* LaunchScreen.storyboard */,
				E2BB71FC207BF3940019C8B6 /* Info.plist */,
			);
			path = Resources;
			sourceTree = "<group>";
		};
/* End PBXGroup section */

/* Begin PBXNativeTarget section */
		E2BB71EC207BF3930019C8B6 /* UI Tests */ = {
			isa = PBXNativeTarget;
			buildConfigurationList = E2BB720A207BF3940019C8B6 /* Build configuration list for PBXNativeTarget "UI Tests" */;
			buildPhases = (
				E2BB71E9207BF3930019C8B6 /* Sources */,
				E2BB71EA207BF3930019C8B6 /* Frameworks */,
				E2BB71EB207BF3930019C8B6 /* Resources */,
				E27C9839207C94340099D3A3 /* ShellScript */,
				E2B8CD84207CAA03008F45EB /* Embed Frameworks */,
			);
			buildRules = (
			);
			dependencies = (
				E2B8CD83207CAA03008F45EB /* PBXTargetDependency */,
			);
			name = "UI Tests";
			productName = "UI Tests";
			productReference = E2BB71ED207BF3930019C8B6 /* UI Tests.app */;
			productType = "com.apple.product-type.application";
		};
		E2BB7200207BF3940019C8B6 /* UI TestsUITests */ = {
			isa = PBXNativeTarget;
			buildConfigurationList = E2BB720D207BF3940019C8B6 /* Build configuration list for PBXNativeTarget "UI TestsUITests" */;
			buildPhases = (
				E2BB71FD207BF3940019C8B6 /* Sources */,
				E2BB71FE207BF3940019C8B6 /* Frameworks */,
				E2BB71FF207BF3940019C8B6 /* Resources */,
				E27C9842207C97830099D3A3 /* ShellScript */,
			);
			buildRules = (
			);
			dependencies = (
				E2BB7203207BF3940019C8B6 /* PBXTargetDependency */,
			);
			name = "UI TestsUITests";
			productName = "UI TestsUITests";
			productReference = E2BB7201207BF3940019C8B6 /* UI TestsUITests.xctest */;
			productType = "com.apple.product-type.bundle.ui-testing";
		};
/* End PBXNativeTarget section */

/* Begin PBXProject section */
		E2BB71E5207BF3930019C8B6 /* Project object */ = {
			isa = PBXProject;
			attributes = {
				LastSwiftUpdateCheck = 0930;
				LastUpgradeCheck = 0930;
				ORGANIZATIONNAME = pxlshpr;
				TargetAttributes = {
					E2BB71EC207BF3930019C8B6 = {
						CreatedOnToolsVersion = 9.3;
					};
					E2BB7200207BF3940019C8B6 = {
						CreatedOnToolsVersion = 9.3;
						TestTargetID = E2BB71EC207BF3930019C8B6;
					};
				};
			};
			buildConfigurationList = E2BB71E8207BF3930019C8B6 /* Build configuration list for PBXProject "UI Tests" */;
			compatibilityVersion = "Xcode 9.3";
			developmentRegion = en;
			hasScannedForEncodings = 0;
			knownRegions = (
				en,
				Base,
			);
			mainGroup = E2BB71E4207BF3930019C8B6;
			productRefGroup = E2BB71EE207BF3930019C8B6 /* Products */;
			projectDirPath = "";
			projectReferences = (
				{
					ProductGroup = E2B8CD75207CA996008F45EB /* Products */;
					ProjectRef = E2B8CD74207CA996008F45EB /* Toolbelt.xcodeproj */;
				},
			);
			projectRoot = "";
			targets = (
				E2BB71EC207BF3930019C8B6 /* UI Tests */,
				E2BB7200207BF3940019C8B6 /* UI TestsUITests */,
			);
		};
/* End PBXProject section */

/* Begin PBXReferenceProxy section */
		E2B8CD7A207CA996008F45EB /* Toolbelt.framework */ = {
			isa = PBXReferenceProxy;
			fileType = wrapper.framework;
			path = Toolbelt.framework;
			remoteRef = E2B8CD79207CA996008F45EB /* PBXContainerItemProxy */;
			sourceTree = BUILT_PRODUCTS_DIR;
		};
		E2B8CD7C207CA996008F45EB /* ToolbeltTests.xctest */ = {
			isa = PBXReferenceProxy;
			fileType = wrapper.cfbundle;
			path = ToolbeltTests.xctest;
			remoteRef = E2B8CD7B207CA996008F45EB /* PBXContainerItemProxy */;
			sourceTree = BUILT_PRODUCTS_DIR;
		};
/* End PBXReferenceProxy section */

/* Begin PBXResourcesBuildPhase section */
		E2BB71EB207BF3930019C8B6 /* Resources */ = {
			isa = PBXResourcesBuildPhase;
			buildActionMask = 2147483647;
			files = (
				E2D56D83207E2F7700A5F47C /* 10.jpg in Resources */,
				E2D56D81207E2F7700A5F47C /* 8.jpg in Resources */,
				E2D56D7F207E2F7700A5F47C /* 6.jpg in Resources */,
				E2BB71FB207BF3940019C8B6 /* LaunchScreen.storyboard in Resources */,
				E2D56D7E207E2F7700A5F47C /* 5.jpg in Resources */,
				E2D56D85207E2F7700A5F47C /* 12.jpg in Resources */,
				E2D56D84207E2F7700A5F47C /* 11.jpg in Resources */,
				E2D56D7D207E2F7700A5F47C /* 4.jpg in Resources */,
				E2D56D7A207E2F7700A5F47C /* 1.jpg in Resources */,
				E2D56D7B207E2F7700A5F47C /* 2.jpg in Resources */,
				E2D56D7C207E2F7700A5F47C /* 3.jpg in Resources */,
				E2D56D80207E2F7700A5F47C /* 7.jpg in Resources */,
				E2D56D82207E2F7700A5F47C /* 9.jpg in Resources */,
				E2BB71F8207BF3940019C8B6 /* Assets.xcassets in Resources */,
				E2BB71F6207BF3930019C8B6 /* Main.storyboard in Resources */,
			);
			runOnlyForDeploymentPostprocessing = 0;
		};
		E2BB71FF207BF3940019C8B6 /* Resources */ = {
			isa = PBXResourcesBuildPhase;
			buildActionMask = 2147483647;
			files = (
				E27C986D207CA7AA0099D3A3 /* 7.jpg in Resources */,
				E27C986C207CA7AA0099D3A3 /* 8.jpg in Resources */,
				E27C986B207CA7AA0099D3A3 /* 3.jpg in Resources */,
				E27C986A207CA7AA0099D3A3 /* 4.jpg in Resources */,
				E27C9868207CA7AA0099D3A3 /* 6.jpg in Resources */,
				E27C9867207CA7AA0099D3A3 /* 12.jpg in Resources */,
				E27C9865207CA7AA0099D3A3 /* 1.jpg in Resources */,
				E27C9843207C99730099D3A3 /* Assets.xcassets in Resources */,
				E27C9869207CA7AA0099D3A3 /* 5.jpg in Resources */,
				E27C986F207CA7AA0099D3A3 /* 2.jpg in Resources */,
				E27C9864207CA7AA0099D3A3 /* 9.jpg in Resources */,
				E27C986E207CA7AA0099D3A3 /* 10.jpg in Resources */,
				E27C9866207CA7AA0099D3A3 /* 11.jpg in Resources */,
			);
			runOnlyForDeploymentPostprocessing = 0;
		};
/* End PBXResourcesBuildPhase section */

/* Begin PBXShellScriptBuildPhase section */
		E27C9839207C94340099D3A3 /* ShellScript */ = {
			isa = PBXShellScriptBuildPhase;
			buildActionMask = 2147483647;
			files = (
			);
			inputPaths = (
				"$(SRCROOT)/Carthage/Build/iOS/FBSnapshotTestCase.framework",
			);
			outputPaths = (
				"$(BUILT_PRODUCTS_DIR)/$(FRAMEWORKS_FOLDER_PATH)/FBSnapshotTestCase.framework",
			);
			runOnlyForDeploymentPostprocessing = 0;
			shellPath = /bin/sh;
			shellScript = "/usr/local/bin/carthage copy-frameworks ";
		};
		E27C9842207C97830099D3A3 /* ShellScript */ = {
			isa = PBXShellScriptBuildPhase;
			buildActionMask = 2147483647;
			files = (
			);
			inputPaths = (
				"$(SRCROOT)/Carthage/Build/iOS/FBSnapshotTestCase.framework",
			);
			outputPaths = (
				"$(BUILT_PRODUCTS_DIR)/$(FRAMEWORKS_FOLDER_PATH)/FBSnapshotTestCase.framework",
			);
			runOnlyForDeploymentPostprocessing = 0;
			shellPath = /bin/sh;
			shellScript = "/usr/local/bin/carthage copy-frameworks ";
		};
/* End PBXShellScriptBuildPhase section */

/* Begin PBXSourcesBuildPhase section */
		E2BB71E9207BF3930019C8B6 /* Sources */ = {
			isa = PBXSourcesBuildPhase;
			buildActionMask = 2147483647;
			files = (
				E2BB71F3207BF3930019C8B6 /* ViewController.swift in Sources */,
				E2BB71F1207BF3930019C8B6 /* AppDelegate.swift in Sources */,
				E2D56D77207E2E6300A5F47C /* Constants.swift in Sources */,
			);
			runOnlyForDeploymentPostprocessing = 0;
		};
		E2BB71FD207BF3940019C8B6 /* Sources */ = {
			isa = PBXSourcesBuildPhase;
			buildActionMask = 2147483647;
			files = (
				E2BB7206207BF3940019C8B6 /* SlideshowUITests.swift in Sources */,
				E2D56D79207E2E7800A5F47C /* Constants.swift in Sources */,
			);
			runOnlyForDeploymentPostprocessing = 0;
		};
/* End PBXSourcesBuildPhase section */

/* Begin PBXTargetDependency section */
		E2B8CD83207CAA03008F45EB /* PBXTargetDependency */ = {
			isa = PBXTargetDependency;
			name = Toolbelt;
			targetProxy = E2B8CD82207CAA03008F45EB /* PBXContainerItemProxy */;
		};
		E2BB7203207BF3940019C8B6 /* PBXTargetDependency */ = {
			isa = PBXTargetDependency;
			target = E2BB71EC207BF3930019C8B6 /* UI Tests */;
			targetProxy = E2BB7202207BF3940019C8B6 /* PBXContainerItemProxy */;
		};
/* End PBXTargetDependency section */

/* Begin PBXVariantGroup section */
		E2BB71F4207BF3930019C8B6 /* Main.storyboard */ = {
			isa = PBXVariantGroup;
			children = (
				E2BB71F5207BF3930019C8B6 /* Base */,
			);
			name = Main.storyboard;
			sourceTree = "<group>";
		};
		E2BB71F9207BF3940019C8B6 /* LaunchScreen.storyboard */ = {
			isa = PBXVariantGroup;
			children = (
				E2BB71FA207BF3940019C8B6 /* Base */,
			);
			name = LaunchScreen.storyboard;
			sourceTree = "<group>";
		};
/* End PBXVariantGroup section */

/* Begin XCBuildConfiguration section */
		E2BB7208207BF3940019C8B6 /* Debug */ = {
			isa = XCBuildConfiguration;
			buildSettings = {
				ALWAYS_SEARCH_USER_PATHS = NO;
				CLANG_ANALYZER_NONNULL = YES;
				CLANG_ANALYZER_NUMBER_OBJECT_CONVERSION = YES_AGGRESSIVE;
				CLANG_CXX_LANGUAGE_STANDARD = "gnu++14";
				CLANG_CXX_LIBRARY = "libc++";
				CLANG_ENABLE_MODULES = YES;
				CLANG_ENABLE_OBJC_ARC = YES;
				CLANG_ENABLE_OBJC_WEAK = YES;
				CLANG_WARN_BLOCK_CAPTURE_AUTORELEASING = YES;
				CLANG_WARN_BOOL_CONVERSION = YES;
				CLANG_WARN_COMMA = YES;
				CLANG_WARN_CONSTANT_CONVERSION = YES;
				CLANG_WARN_DEPRECATED_OBJC_IMPLEMENTATIONS = YES;
				CLANG_WARN_DIRECT_OBJC_ISA_USAGE = YES_ERROR;
				CLANG_WARN_DOCUMENTATION_COMMENTS = YES;
				CLANG_WARN_EMPTY_BODY = YES;
				CLANG_WARN_ENUM_CONVERSION = YES;
				CLANG_WARN_INFINITE_RECURSION = YES;
				CLANG_WARN_INT_CONVERSION = YES;
				CLANG_WARN_NON_LITERAL_NULL_CONVERSION = YES;
				CLANG_WARN_OBJC_IMPLICIT_RETAIN_SELF = YES;
				CLANG_WARN_OBJC_LITERAL_CONVERSION = YES;
				CLANG_WARN_OBJC_ROOT_CLASS = YES_ERROR;
				CLANG_WARN_RANGE_LOOP_ANALYSIS = YES;
				CLANG_WARN_STRICT_PROTOTYPES = YES;
				CLANG_WARN_SUSPICIOUS_MOVE = YES;
				CLANG_WARN_UNGUARDED_AVAILABILITY = YES_AGGRESSIVE;
				CLANG_WARN_UNREACHABLE_CODE = YES;
				CLANG_WARN__DUPLICATE_METHOD_MATCH = YES;
				CODE_SIGN_IDENTITY = "iPhone Developer";
				COPY_PHASE_STRIP = NO;
				DEBUG_INFORMATION_FORMAT = dwarf;
				ENABLE_STRICT_OBJC_MSGSEND = YES;
				ENABLE_TESTABILITY = YES;
				GCC_C_LANGUAGE_STANDARD = gnu11;
				GCC_DYNAMIC_NO_PIC = NO;
				GCC_NO_COMMON_BLOCKS = YES;
				GCC_OPTIMIZATION_LEVEL = 0;
				GCC_PREPROCESSOR_DEFINITIONS = (
					"DEBUG=1",
					"$(inherited)",
				);
				GCC_WARN_64_TO_32_BIT_CONVERSION = YES;
				GCC_WARN_ABOUT_RETURN_TYPE = YES_ERROR;
				GCC_WARN_UNDECLARED_SELECTOR = YES;
				GCC_WARN_UNINITIALIZED_AUTOS = YES_AGGRESSIVE;
				GCC_WARN_UNUSED_FUNCTION = YES;
				GCC_WARN_UNUSED_VARIABLE = YES;
				IPHONEOS_DEPLOYMENT_TARGET = 11.3;
				MTL_ENABLE_DEBUG_INFO = YES;
				ONLY_ACTIVE_ARCH = YES;
				SDKROOT = iphoneos;
				SWIFT_ACTIVE_COMPILATION_CONDITIONS = DEBUG;
				SWIFT_OPTIMIZATION_LEVEL = "-Onone";
			};
			name = Debug;
		};
		E2BB7209207BF3940019C8B6 /* Release */ = {
			isa = XCBuildConfiguration;
			buildSettings = {
				ALWAYS_SEARCH_USER_PATHS = NO;
				CLANG_ANALYZER_NONNULL = YES;
				CLANG_ANALYZER_NUMBER_OBJECT_CONVERSION = YES_AGGRESSIVE;
				CLANG_CXX_LANGUAGE_STANDARD = "gnu++14";
				CLANG_CXX_LIBRARY = "libc++";
				CLANG_ENABLE_MODULES = YES;
				CLANG_ENABLE_OBJC_ARC = YES;
				CLANG_ENABLE_OBJC_WEAK = YES;
				CLANG_WARN_BLOCK_CAPTURE_AUTORELEASING = YES;
				CLANG_WARN_BOOL_CONVERSION = YES;
				CLANG_WARN_COMMA = YES;
				CLANG_WARN_CONSTANT_CONVERSION = YES;
				CLANG_WARN_DEPRECATED_OBJC_IMPLEMENTATIONS = YES;
				CLANG_WARN_DIRECT_OBJC_ISA_USAGE = YES_ERROR;
				CLANG_WARN_DOCUMENTATION_COMMENTS = YES;
				CLANG_WARN_EMPTY_BODY = YES;
				CLANG_WARN_ENUM_CONVERSION = YES;
				CLANG_WARN_INFINITE_RECURSION = YES;
				CLANG_WARN_INT_CONVERSION = YES;
				CLANG_WARN_NON_LITERAL_NULL_CONVERSION = YES;
				CLANG_WARN_OBJC_IMPLICIT_RETAIN_SELF = YES;
				CLANG_WARN_OBJC_LITERAL_CONVERSION = YES;
				CLANG_WARN_OBJC_ROOT_CLASS = YES_ERROR;
				CLANG_WARN_RANGE_LOOP_ANALYSIS = YES;
				CLANG_WARN_STRICT_PROTOTYPES = YES;
				CLANG_WARN_SUSPICIOUS_MOVE = YES;
				CLANG_WARN_UNGUARDED_AVAILABILITY = YES_AGGRESSIVE;
				CLANG_WARN_UNREACHABLE_CODE = YES;
				CLANG_WARN__DUPLICATE_METHOD_MATCH = YES;
				CODE_SIGN_IDENTITY = "iPhone Developer";
				COPY_PHASE_STRIP = NO;
				DEBUG_INFORMATION_FORMAT = "dwarf-with-dsym";
				ENABLE_NS_ASSERTIONS = NO;
				ENABLE_STRICT_OBJC_MSGSEND = YES;
				GCC_C_LANGUAGE_STANDARD = gnu11;
				GCC_NO_COMMON_BLOCKS = YES;
				GCC_WARN_64_TO_32_BIT_CONVERSION = YES;
				GCC_WARN_ABOUT_RETURN_TYPE = YES_ERROR;
				GCC_WARN_UNDECLARED_SELECTOR = YES;
				GCC_WARN_UNINITIALIZED_AUTOS = YES_AGGRESSIVE;
				GCC_WARN_UNUSED_FUNCTION = YES;
				GCC_WARN_UNUSED_VARIABLE = YES;
				IPHONEOS_DEPLOYMENT_TARGET = 11.3;
				MTL_ENABLE_DEBUG_INFO = NO;
				SDKROOT = iphoneos;
				SWIFT_COMPILATION_MODE = wholemodule;
				SWIFT_OPTIMIZATION_LEVEL = "-O";
				VALIDATE_PRODUCT = YES;
			};
			name = Release;
		};
		E2BB720B207BF3940019C8B6 /* Debug */ = {
			isa = XCBuildConfiguration;
			buildSettings = {
				ALWAYS_EMBED_SWIFT_STANDARD_LIBRARIES = YES;
				ASSETCATALOG_COMPILER_APPICON_NAME = AppIcon;
				CODE_SIGN_STYLE = Automatic;
				DEVELOPMENT_TEAM = 3EQ4PU3P2V;
				FRAMEWORK_SEARCH_PATHS = (
					"$(inherited)",
					"$(PROJECT_DIR)/Carthage/Build/iOS",
				);
				INFOPLIST_FILE = "UI Tests/Info.plist";
				LD_RUNPATH_SEARCH_PATHS = (
					"$(inherited)",
					"@executable_path/Frameworks",
				);
				PRODUCT_BUNDLE_IDENTIFIER = "com.pxlshpr.UI-Tests";
				PRODUCT_NAME = "$(TARGET_NAME)";
				SWIFT_VERSION = 4.0;
				TARGETED_DEVICE_FAMILY = "1,2";
			};
			name = Debug;
		};
		E2BB720C207BF3940019C8B6 /* Release */ = {
			isa = XCBuildConfiguration;
			buildSettings = {
				ALWAYS_EMBED_SWIFT_STANDARD_LIBRARIES = YES;
				ASSETCATALOG_COMPILER_APPICON_NAME = AppIcon;
				CODE_SIGN_STYLE = Automatic;
				DEVELOPMENT_TEAM = 3EQ4PU3P2V;
				FRAMEWORK_SEARCH_PATHS = (
					"$(inherited)",
					"$(PROJECT_DIR)/Carthage/Build/iOS",
				);
				INFOPLIST_FILE = "UI Tests/Info.plist";
				LD_RUNPATH_SEARCH_PATHS = (
					"$(inherited)",
					"@executable_path/Frameworks",
				);
				PRODUCT_BUNDLE_IDENTIFIER = "com.pxlshpr.UI-Tests";
				PRODUCT_NAME = "$(TARGET_NAME)";
				SWIFT_VERSION = 4.0;
				TARGETED_DEVICE_FAMILY = "1,2";
			};
			name = Release;
		};
		E2BB720E207BF3940019C8B6 /* Debug */ = {
			isa = XCBuildConfiguration;
			buildSettings = {
				ALWAYS_EMBED_SWIFT_STANDARD_LIBRARIES = YES;
				CODE_SIGN_STYLE = Automatic;
				DEVELOPMENT_TEAM = 3EQ4PU3P2V;
				FRAMEWORK_SEARCH_PATHS = (
					"$(inherited)",
					"$(PROJECT_DIR)/Carthage/Build/iOS",
				);
				INFOPLIST_FILE = Resources/Info.plist;
				LD_RUNPATH_SEARCH_PATHS = (
					"$(inherited)",
					"@executable_path/Frameworks",
					"@loader_path/Frameworks",
				);
				PRODUCT_BUNDLE_IDENTIFIER = "com.pxlshpr.UI-TestsUITests";
				PRODUCT_NAME = "$(TARGET_NAME)";
				SWIFT_VERSION = 4.0;
				TARGETED_DEVICE_FAMILY = "1,2";
				TEST_TARGET_NAME = "UI Tests";
			};
			name = Debug;
		};
		E2BB720F207BF3940019C8B6 /* Release */ = {
			isa = XCBuildConfiguration;
			buildSettings = {
				ALWAYS_EMBED_SWIFT_STANDARD_LIBRARIES = YES;
				CODE_SIGN_STYLE = Automatic;
				DEVELOPMENT_TEAM = 3EQ4PU3P2V;
				FRAMEWORK_SEARCH_PATHS = (
					"$(inherited)",
					"$(PROJECT_DIR)/Carthage/Build/iOS",
				);
				INFOPLIST_FILE = Resources/Info.plist;
				LD_RUNPATH_SEARCH_PATHS = (
					"$(inherited)",
					"@executable_path/Frameworks",
					"@loader_path/Frameworks",
				);
				PRODUCT_BUNDLE_IDENTIFIER = "com.pxlshpr.UI-TestsUITests";
				PRODUCT_NAME = "$(TARGET_NAME)";
				SWIFT_VERSION = 4.0;
				TARGETED_DEVICE_FAMILY = "1,2";
				TEST_TARGET_NAME = "UI Tests";
			};
			name = Release;
		};
/* End XCBuildConfiguration section */

/* Begin XCConfigurationList section */
		E2BB71E8207BF3930019C8B6 /* Build configuration list for PBXProject "UI Tests" */ = {
			isa = XCConfigurationList;
			buildConfigurations = (
				E2BB7208207BF3940019C8B6 /* Debug */,
				E2BB7209207BF3940019C8B6 /* Release */,
			);
			defaultConfigurationIsVisible = 0;
			defaultConfigurationName = Release;
		};
		E2BB720A207BF3940019C8B6 /* Build configuration list for PBXNativeTarget "UI Tests" */ = {
			isa = XCConfigurationList;
			buildConfigurations = (
				E2BB720B207BF3940019C8B6 /* Debug */,
				E2BB720C207BF3940019C8B6 /* Release */,
			);
			defaultConfigurationIsVisible = 0;
			defaultConfigurationName = Release;
		};
		E2BB720D207BF3940019C8B6 /* Build configuration list for PBXNativeTarget "UI TestsUITests" */ = {
			isa = XCConfigurationList;
			buildConfigurations = (
				E2BB720E207BF3940019C8B6 /* Debug */,
				E2BB720F207BF3940019C8B6 /* Release */,
			);
			defaultConfigurationIsVisible = 0;
			defaultConfigurationName = Release;
		};
/* End XCConfigurationList section */
	};
	rootObject = E2BB71E5207BF3930019C8B6 /* Project object */;
}
